github.com/CrestFallenTurtle/ArgumentParser v0.0.0-20220101094000-f8d9d87d9f53 h1:akl2MS7V0ipKZfUr5P/3EjVxg+lfDrGgJtsy7Itv34w=
github.com/CrestFallenTurtle/ArgumentParser v0.0.0-20220101094000-f8d9d87d9f53/go.mod h1:NRKlnWNTdhYI+whq5u0Dx+pH/iE+NMGg/31yuWPHwaU=
github.com/CrestFallenTurtle/ArgumentParser v0.0.0-20220809061200-6973cc913c86 h1:+lv2E+W5fUMwVlBcmMz1kcj5fLs94g4YVBZ0I8YBQbA=
github.com/CrestFallenTurtle/ArgumentParser v0.0.0-20220809061200-6973cc913c86/go.mod h1:NRKlnWNTdhYI+whq5u0Dx+pH/iE+NMGg/31yuWPHwaU=
github.com/CrestFallenTurtle/ArgumentParser v0.0.0-20220809065903-c0bb167babcc h1:Uo4OZlcrxra5L399UzycQmN+iIMu2dNpS6PJ1/ujKMI=
github.com/CrestFallenTurtle/ArgumentParser v0.0.0-20220809065903-c0bb167babcc/go.mod h1:NRKlnWNTdhYI+whq5u0Dx+pH/iE+NMGg/31yuWPHwaU=
github.com/CrestFallenTurtle/ArgumentParser v0.0.0-20220812062709-90366efcb883 h1:RYBA5ah4PkJ+y7Ry1bN5oObLDCt3HD49h2Glg6VWutA=
github.com/CrestFallenTurtle/ArgumentParser v0.0.0-20220812062709-90366efcb883/go.mod h1:NRKlnWNTdhYI+whq5u0Dx+pH/iE+NMGg/31yuWPHwaU=
github.com/CrestFallenTurtle/ArgumentParser v0.0.0-20220812064015-de28fe981aca h1:lLAIfXIJtS6b/x9tC31XqBBeHiqQk0zothqx0U2f64k=
github.com/CrestFallenTurtle/ArgumentParser v0.0.0-20220812064015-de28fe981aca/go.mod h1:NRKlnWNTdhYI+whq5u0Dx+pH/iE+NMGg/31yuWPHwaU=
github.com/CrestFallenTurtle/ArgumentParser v0.0.0-20220910114610-98aa712211c5 h1:00qlcUrvrDhwYoLWD8ICRwlZAwSMFEAs344GRRdYXQs=
github.com/CrestFallenTurtle/ArgumentParser v0.0.0-20220910114610-98aa712211c5/go.mod h1:NRKlnWNTdhYI+whq5u0Dx+pH/iE+NMGg/31yuWPHwaU=
github.com/CrestFallenTurtle/ArgumentParser v0.0.0-20230705205539-ac92103c804a h1:ebwN0mEFfinRadHGcqvd03NRpOHSOrxl6i73XIfiJOE=
github.com/CrestFallenTurtle/ArgumentParser v0.0.0-20230705205539-ac92103c804a/go.mod h1:cU9/4EwpZygG4SkrlhC5Z+lGsN0UjBUXkkpFLilSLLk=
github.com/CrestFallenTurtle/ArgumentParser v0.0.0-20230706190234-04835f61866e h1:/219L4Rc56g06LmgxxD6l+Q5JhNgqJyJKc1YNC8rYZE=
github.com/CrestFallenTurtle/ArgumentParser v0.0.0-20230706190234-04835f61866e/go.mod h1:Zwu+S/AXBejNKEkeOgHrux+zv0L78+Pg+auVCQzEnmE=
github.com/CrestFallenTurtle/Go-tools v0.0.0-20230703053354-3b6d460e1d98 h1:SWgJdyxhsmUV5ZbmVwsL/AL7mQMczIwAz0QCSr9kp6s=
github.com/CrestFallenTurtle/Go-tools v0.0.0-20230703053354-3b6d460e1d98/go.mod h1:RGG1PykHV2JOoO66p1SnMzRi7jbUfWLM9s2Vlx4RDiA=
github.com/CrestFallenTurtle/Go-tools v0.0.0-20230706181801-762717eda163 h1:7gfT0qJtYLumVQJlydZTHoYwD6AEp7t66n1w4+hba4A=
github.com/CrestFallenTurtle/Go-tools v0.0.0-20230706181801-762717eda163/go.mod h1:Lg+5vcBzJKRT9x5ynItzhNw95G7zeS25D+NgFgeFaiM=
github.com/CrestFallenTurtle/notify_handler v0.0.0-20220101100229-7200575df531 h1:qq/j13qkGGKjgRbzvnpbc3YYclS3mFhyztzJU3cMPls=
github.com/CrestFallenTurtle/notify_handler v0.0.0-20220101100229-7200575df531/go.mod h1:QNjxlxplV4bgRq0hMkD/ssRExdUmsuqql+lRh9afWgA=
github.com/CrestFallenTurtle/notify_handler v0.0.0-20220414214026-7cbc65f663ea h1:ENRxm6DdCRYiq2xVM+RHA6IPzXaeaqRa86+3l8jfpUk=
github.com/CrestFallenTurtle/notify_handler v0.0.0-20220414214026-7cbc65f663ea/go.mod h1:QNjxlxplV4bgRq0hMkD/ssRExdUmsuqql+lRh9afWgA=
github.com/CrestFallenTurtle/notify_handler v0.0.0-20230706181218-ead5290ab95f h1:jQF9IePKSodS8NfVFrIZCnwM/klp/Tg3micw1sklrjY=
github.com/CrestFallenTurtle/notify_handler v0.0.0-20230706181218-ead5290ab95f/go.mod h1:ylFsSqBcuOKbMkWRvO7V+qlP2w7Qfaw5BK+eEsx/JhE=
github.com/thanhpk/randstr v1.0.6 h1:psAOktJFD4vV9NEVb3qkhRSMvYh4ORRaj1+w/hn4B+o=
github.com/thanhpk/randstr v1.0.6/go.mod h1:M/H2P1eNLZzlDwAzpkkkUvoyNNMbzRGhESZuEQk3r0U=
golang.org/x/sys v0.0.0-20220207234003-57398862261d h1:Bm7BNOQt2Qv7ZqysjeLjgCBanX+88Z/OtdvsrEv1Djc=
golang.org/x/sys v0.0.0-20220207234003-57398862261d/go.mod h1:oPkhp1MJrh7nUepCBck5+mAzfO9JrbApNNgaTdGDITg=
golang.org/x/sys v0.10.0 h1:SqMFp9UcQJZa+pmYuAKjd9xq1f0j5rLcDIk0mj4qAsA=
golang.org/x/sys v0.10.0/go.mod h1:oPkhp1MJrh7nUepCBck5+mAzfO9JrbApNNgaTdGDITg=
