github.com/s9rA16Bf4/ArgumentParser v0.0.0-20220101094000-f8d9d87d9f53 h1:akl2MS7V0ipKZfUr5P/3EjVxg+lfDrGgJtsy7Itv34w=
github.com/s9rA16Bf4/ArgumentParser v0.0.0-20220101094000-f8d9d87d9f53/go.mod h1:NRKlnWNTdhYI+whq5u0Dx+pH/iE+NMGg/31yuWPHwaU=
github.com/s9rA16Bf4/notify_handler v0.0.0-20220101100229-7200575df531 h1:qq/j13qkGGKjgRbzvnpbc3YYclS3mFhyztzJU3cMPls=
github.com/s9rA16Bf4/notify_handler v0.0.0-20220101100229-7200575df531/go.mod h1:QNjxlxplV4bgRq0hMkD/ssRExdUmsuqql+lRh9afWgA=
